# snapshot.lock — elenco congelato del corpus
# formato: <id>\t<sha256 del sorgente scaricato>\t<data_fetch ISO>
# Rigenerato dagli script di ingest; ogni riga corrisponde a una pagina in 01-markdown/.
# Senza congelamento e hash il corpus deriva e i risultati non sono riproducibili.
ECLI:IT:CDS:2023:7870	d7bb2e25fc0b96e8c6c18201dcfd6cb508e5b0b9af3f8554af1b96e8d60d7f36	2026-07-21
ECLI:IT:CDS:2025:1425	8b207917b15132e1a37b72f4369b6bea1c39f9be3c276fe44f31f6bfa35b55aa	2026-07-21
ECLI:IT:CDS:2025:2789	51de6877077257e24d0cf1fea472a77a57c453c4930f615324a48fdd9831a23a	2026-07-21
ECLI:IT:CDS:2025:5392	e93b01e65b190718f5994f8e52729f5e9823af3de582035c499c7511dcbc3f13	2026-07-21
ECLI:IT:CDS:2026:1504	a0b5ef6dd5864a399dd2fc78ca75c374b003dda78f3cce8ea34e97f18304d826	2026-07-21
ECLI:IT:CDS:2026:1850	9d24d02ac22d187f847f3a9dde1e6570096c141b4f7ea16dad2872860bb440ce	2026-07-21
ECLI:IT:CDS:2026:2721	0878e400d177d783b385214be97c727bc1c0cd2b44ef246b7aa7ad06ae3ee844	2026-07-21
ECLI:IT:CDS:2026:2877	64a21e46f616a183cf36409b082035a5f50d03a2a2e2963e5fdb3675c36615aa	2026-07-21
ECLI:IT:CDS:2026:4484	c74fd39d739b1da315cf0905255fadc7ad07af94b741b6aa8a4469db695020c9	2026-07-21
ECLI:IT:CDS:2026:4896	fa6fd073c0f6ea599191aa4f0fef9c3eb95b04776071d12b43f3f04ab7b4b39d	2026-07-21
ECLI:IT:TARBA:2025:244	f3d121738cf5e437a74fc3620ceb6c726cc552d5b9d47d156c50a31c35284661	2026-07-21
ECLI:IT:TARBA:2025:641	8b676bf7794fd87f291f4e36aad65068c15cc6631bddeca97f7a9b3b6471ccd1	2026-07-21
ECLI:IT:TARLAZ:2024:23262	f07d1ed677fe49ec8e83b95ad2f00558fe661531630863f18dc955d1114afd6d	2026-07-21
ECLI:IT:TARLAZ:2025:18189	2f591c75adb70ffb46e8575e39bcb5e8bd4c33bf22f70b5ba880d00f398449e5	2026-07-21
ECLI:IT:TARLE:2026:577	7313d7b0ae843ad6c25e3bd0b3fdce03b383bbc0314499452e6c7720b3277a50	2026-07-21
ECLI:IT:TARLIG:2026:822	a83b65e6b79b5e48db85e642fb9eb063fc6aeadc50de7a343a1dd5915abae15a	2026-07-21
ECLI:IT:TARMI:2026:2410	e5b726b3eac4f58133e8c424de139a7a1fe72f34bd409206507221b3f21a9f01	2026-07-21
ECLI:IT:TARMI:2026:854	453d61940477d045cb6c9a411d8e6c099554504a73196e5d57fa9c80784bf08e	2026-07-21
ECLI:IT:TARNA:2026:2926	be0a99d989669e43920569292546a931198a630c256dc0997380fbe84c11729d	2026-07-21
ECLI:IT:TARVEN:2024:2142	f8fe1d6b2cb82c8312d84def4e902e012337e7ccb52dacc6e86a879a6f68ccb5	2026-07-21
anac:parere:2024-02-07;59	953c901e51efd77ea0f2ade9cec60276d6143395c8c26bb7863deafe08235a9e	2026-07-21
anac:parere:2024-02-07;60	007b95ed18a9e1ab5f9c8da72e61e048d36c3c5d1380bb7b11817c2f58c41baa	2026-07-21
anac:parere:2024-03-20;148	6ae0cc639d9ea5e6345a5c3709af795b90f43b9c43940cd43db7f196285c9e8b	2026-07-21
anac:parere:2024-06-05;276	ac62bdce663bcf223b73c8a8c52c222d45245d5d4b078defd0340fe6e3fb2969	2026-07-21
anac:parere:2024-06-05;277	4853fe5aae2b00e076d2efa250c13530ca4a1eb743d26b9c77b2d80dff7640cf	2026-07-21
anac:parere:2024-07-17;360	62590fed12c89273b7f9a8e829b849a2d1eac71f7cb11549a5ccd47162953d13	2026-07-21
anac:parere:2024-12-10;573	d2d153e15a1894ceaef564e03fa53c9855d93529ff5a3d692d8856dfdd24d6d9	2026-07-21
anac:parere:2025-01-14;15	ddd94ae248d5cfcad94fb35572006b14f55cc817502371c3d25b75690830a83e	2026-07-21
anac:parere:2025-01-30;27	75993cd8fbd3da508a8e7b9ca73d5e417b275b25e2fa4079b7b2b6b729550403	2026-07-21
anac:parere:2025-02-19;50	7415a64b5425b9814d6d4e6d72c715fa19d435ab440d636fa187e327b7eb057f	2026-07-21
anac:parere:2025-10-22;421	ffb075b515211f3cb0f961cef4ce16ab20132a31634fb2fd68b849f5d1a2b9f0	2026-07-21
anac:parere:2026-04-15;136	63965c5de49afd78cbbbc2e86321079623b5c0bea1a1b30a751eae35b34a5c83	2026-07-21
urn:nir:stato:decreto.legislativo:2023-03-31;36~art1	5757967b191dae82cc81ffe2e7265452d5d7fd0400632e93526fd884301dae3c	2026-07-21
urn:nir:stato:decreto.legislativo:2023-03-31;36~art10	bc34d958d4ac8edc8d7e639c1e70d5c70d7c684daac6b53ced252d1b286aed3d	2026-07-21
urn:nir:stato:decreto.legislativo:2023-03-31;36~art100	d9b3b07ee634e4f8f7c3ba5e8dfb3e035b3a8d545b11576991d2015d58d40b35	2026-07-21
urn:nir:stato:decreto.legislativo:2023-03-31;36~art101	4809e5d34e7d566f000b2505e6088401c99ccd73b5ceaa2e09c80bcdfbefec37	2026-07-21
urn:nir:stato:decreto.legislativo:2023-03-31;36~art102	4d3da22ccd98e2e4e5e28946ff3bd5868de644a000b89be9018ca3cb6f27e01f	2026-07-21
urn:nir:stato:decreto.legislativo:2023-03-31;36~art104	427ade885bd1c881522f1978c7ae2e2ffe6aa997134c043d42ce3a90fc8b2940	2026-07-21
urn:nir:stato:decreto.legislativo:2023-03-31;36~art106	51607226b5d0b80ecd84bb569440d9f398cfdd2bd8da00b31540098f44858c17	2026-07-21
urn:nir:stato:decreto.legislativo:2023-03-31;36~art107	2211b2748276b773eeed071a75556e08f211a951c59576a20cb88f1ca432b72b	2026-07-21
urn:nir:stato:decreto.legislativo:2023-03-31;36~art108	11734f9f0560a4d7c76a5473304e1bc90ee30744eef6b1eb1c1093d10c10a078	2026-07-21
urn:nir:stato:decreto.legislativo:2023-03-31;36~art113	fa4012d25825558adb59bac8907a7a3a13ad24f7485201cf9ef588ac77db12df	2026-07-21
urn:nir:stato:decreto.legislativo:2023-03-31;36~art2	b969ec8ad3495e8a4765a265dd3512deba93d5b95032e36832a1573cc86009fe	2026-07-21
urn:nir:stato:decreto.legislativo:2023-03-31;36~art3	37bb181ba5444b99b9c3cba2cd63ac18fbec7c8db1d1c98a3c79409f492c851d	2026-07-21
urn:nir:stato:decreto.legislativo:2023-03-31;36~art4	80dbf6f4fa1ce5c07d6074df27865cc6b88c30f302a2610f9601c00634ad56e0	2026-07-21
urn:nir:stato:decreto.legislativo:2023-03-31;36~art91	d0df55db1af9c55aa825bb4a7be1982b1e4151b7f29ce26496d6d751a346cd49	2026-07-21
urn:nir:stato:decreto.legislativo:2023-03-31;36~art94	01d1b2f366cc0efea7afd2d7e1f6ff50352f2507381bd6262da15c8ff9eee775	2026-07-21
urn:nir:stato:decreto.legislativo:2023-03-31;36~art95	c88386c5b611585b3b86e21045245302aa304e52f7f1e5386f47ce94a0d23fd2	2026-07-21
urn:nir:stato:decreto.legislativo:2023-03-31;36~art96	e6da3ccca87de78a48d5f9e6cce1cc6287025ce6fdac931d5b49f7e48fa30640	2026-07-21
urn:nir:stato:decreto.legislativo:2023-03-31;36~art97	95722c083703188827778892ffa37a8f83bc53de174b8aafb5789c3d58230699	2026-07-21
urn:nir:stato:decreto.legislativo:2023-03-31;36~art98	6a8ea45b210a2f712a1c0427f0cfff6a81aedb5be33a09d771384fac5a9d86b5	2026-07-21
urn:nir:stato:decreto.legislativo:2023-03-31;36~art99	69fd11075b2fe493f239e18a65565f41151163d3ec9ea8ffd1eaa641168b20bc	2026-07-21
